
Microsoft Visual Studio Solution File, Format Version 12.00
# Visual Studio Version 17
VisualStudioVersion = 17.2.32516.85
MinimumVisualStudioVersion = 10.0.40219.1
Project("{FAE04EC0-301F-11D3-BF4B-00C04F79EFBC}") = "Z509", "Z509\Z509.csproj", "{633A0F39-02AD-4EFA-9D57-A50958885BF9}"
EndProject
Global
	GlobalSection(SolutionConfigurationPlatforms) = preSolution
		Debug|Any CPU = Debug|Any CPU
		Release|Any CPU = Release|Any CPU
	EndGlobalSection
	GlobalSection(ProjectConfigurationPlatforms) = postSolution
		{633A0F39-02AD-4EFA-9D57-A50958885BF9}.Debug|Any CPU.ActiveCfg = Debug|Any CPU
		{633A0F39-02AD-4EFA-9D57-A50958885BF9}.Debug|Any CPU.Build.0 = Debug|Any CPU
		{633A0F39-02AD-4EFA-9D57-A50958885BF9}.Release|Any CPU.ActiveCfg = Release|Any CPU
		{633A0F39-02AD-4EFA-9D57-A50958885BF9}.Release|Any CPU.Build.0 = Release|Any CPU
	EndGlobalSection
	GlobalSection(SolutionProperties) = preSolution
		HideSolutionNode = FALSE
	EndGlobalSection
	GlobalSection(ExtensibilityGlobals) = postSolution
		SolutionGuid = {7E9FF842-43A5-405F-B2D7-C15B3A14B75D}
	EndGlobalSection
EndGlobal
