
Microsoft Visual Studio Solution File, Format Version 12.00
# Visual Studio Version 16
VisualStudioVersion = 16.0.31019.35
MinimumVisualStudioVersion = 10.0.40219.1
Project("{FAE04EC0-301F-11D3-BF4B-00C04F79EFBC}") = "FilmDB505", "FilmDB505.csproj", "{0508FE5D-AE59-4605-9282-7B44DDC173D7}"
EndProject
Global
	GlobalSection(SolutionConfigurationPlatforms) = preSolution
		Debug|Any CPU = Debug|Any CPU
		Release|Any CPU = Release|Any CPU
	EndGlobalSection
	GlobalSection(ProjectConfigurationPlatforms) = postSolution
		{0508FE5D-AE59-4605-9282-7B44DDC173D7}.Debug|Any CPU.ActiveCfg = Debug|Any CPU
		{0508FE5D-AE59-4605-9282-7B44DDC173D7}.Debug|Any CPU.Build.0 = Debug|Any CPU
		{0508FE5D-AE59-4605-9282-7B44DDC173D7}.Release|Any CPU.ActiveCfg = Release|Any CPU
		{0508FE5D-AE59-4605-9282-7B44DDC173D7}.Release|Any CPU.Build.0 = Release|Any CPU
	EndGlobalSection
	GlobalSection(SolutionProperties) = preSolution
		HideSolutionNode = FALSE
	EndGlobalSection
	GlobalSection(ExtensibilityGlobals) = postSolution
		SolutionGuid = {0AF1E01C-4213-45B0-BAB4-FC8F4D992002}
	EndGlobalSection
EndGlobal
