
Microsoft Visual Studio Solution File, Format Version 12.00
# Visual Studio Version 16
VisualStudioVersion = 16.0.31019.35
MinimumVisualStudioVersion = 10.0.40219.1
Project("{FAE04EC0-301F-11D3-BF4B-00C04F79EFBC}") = "FilmDB510", "FilmDB510.csproj", "{5059F85F-5CFE-4E4F-9AC9-A79D742E0F87}"
EndProject
Global
	GlobalSection(SolutionConfigurationPlatforms) = preSolution
		Debug|Any CPU = Debug|Any CPU
		Release|Any CPU = Release|Any CPU
	EndGlobalSection
	GlobalSection(ProjectConfigurationPlatforms) = postSolution
		{5059F85F-5CFE-4E4F-9AC9-A79D742E0F87}.Debug|Any CPU.ActiveCfg = Debug|Any CPU
		{5059F85F-5CFE-4E4F-9AC9-A79D742E0F87}.Debug|Any CPU.Build.0 = Debug|Any CPU
		{5059F85F-5CFE-4E4F-9AC9-A79D742E0F87}.Release|Any CPU.ActiveCfg = Release|Any CPU
		{5059F85F-5CFE-4E4F-9AC9-A79D742E0F87}.Release|Any CPU.Build.0 = Release|Any CPU
	EndGlobalSection
	GlobalSection(SolutionProperties) = preSolution
		HideSolutionNode = FALSE
	EndGlobalSection
	GlobalSection(ExtensibilityGlobals) = postSolution
		SolutionGuid = {B1F31F06-D9C6-458D-82A7-5175F72424BC}
	EndGlobalSection
EndGlobal
