
Microsoft Visual Studio Solution File, Format Version 12.00
# Visual Studio Version 17
VisualStudioVersion = 17.2.32516.85
MinimumVisualStudioVersion = 10.0.40219.1
Project("{FAE04EC0-301F-11D3-BF4B-00C04F79EFBC}") = "Z504", "Z504\Z504.csproj", "{6A03504D-511B-4337-8219-B6B8C39ED735}"
EndProject
Global
	GlobalSection(SolutionConfigurationPlatforms) = preSolution
		Debug|Any CPU = Debug|Any CPU
		Release|Any CPU = Release|Any CPU
	EndGlobalSection
	GlobalSection(ProjectConfigurationPlatforms) = postSolution
		{6A03504D-511B-4337-8219-B6B8C39ED735}.Debug|Any CPU.ActiveCfg = Debug|Any CPU
		{6A03504D-511B-4337-8219-B6B8C39ED735}.Debug|Any CPU.Build.0 = Debug|Any CPU
		{6A03504D-511B-4337-8219-B6B8C39ED735}.Release|Any CPU.ActiveCfg = Release|Any CPU
		{6A03504D-511B-4337-8219-B6B8C39ED735}.Release|Any CPU.Build.0 = Release|Any CPU
	EndGlobalSection
	GlobalSection(SolutionProperties) = preSolution
		HideSolutionNode = FALSE
	EndGlobalSection
	GlobalSection(ExtensibilityGlobals) = postSolution
		SolutionGuid = {0F42FA74-391B-4709-B699-F1101F41E54E}
	EndGlobalSection
EndGlobal
