
Microsoft Visual Studio Solution File, Format Version 12.00
# Visual Studio Version 16
VisualStudioVersion = 16.0.31019.35
MinimumVisualStudioVersion = 10.0.40219.1
Project("{FAE04EC0-301F-11D3-BF4B-00C04F79EFBC}") = "FilmDB", "FilmDB.csproj", "{52EEB6AA-3DA8-40DD-9D0D-EC61B0B0D438}"
EndProject
Global
	GlobalSection(SolutionConfigurationPlatforms) = preSolution
		Debug|Any CPU = Debug|Any CPU
		Release|Any CPU = Release|Any CPU
	EndGlobalSection
	GlobalSection(ProjectConfigurationPlatforms) = postSolution
		{52EEB6AA-3DA8-40DD-9D0D-EC61B0B0D438}.Debug|Any CPU.ActiveCfg = Debug|Any CPU
		{52EEB6AA-3DA8-40DD-9D0D-EC61B0B0D438}.Debug|Any CPU.Build.0 = Debug|Any CPU
		{52EEB6AA-3DA8-40DD-9D0D-EC61B0B0D438}.Release|Any CPU.ActiveCfg = Release|Any CPU
		{52EEB6AA-3DA8-40DD-9D0D-EC61B0B0D438}.Release|Any CPU.Build.0 = Release|Any CPU
	EndGlobalSection
	GlobalSection(SolutionProperties) = preSolution
		HideSolutionNode = FALSE
	EndGlobalSection
	GlobalSection(ExtensibilityGlobals) = postSolution
		SolutionGuid = {9F584A6C-E173-4413-A10A-77B8B5300F7D}
	EndGlobalSection
EndGlobal
