
Microsoft Visual Studio Solution File, Format Version 12.00
# Visual Studio Version 17
VisualStudioVersion = 17.2.32516.85
MinimumVisualStudioVersion = 10.0.40219.1
Project("{FAE04EC0-301F-11D3-BF4B-00C04F79EFBC}") = "Z510", "Z510\Z510.csproj", "{F799F70E-0EC6-4F60-8F47-3A2D9F2EE847}"
EndProject
Global
	GlobalSection(SolutionConfigurationPlatforms) = preSolution
		Debug|Any CPU = Debug|Any CPU
		Release|Any CPU = Release|Any CPU
	EndGlobalSection
	GlobalSection(ProjectConfigurationPlatforms) = postSolution
		{F799F70E-0EC6-4F60-8F47-3A2D9F2EE847}.Debug|Any CPU.ActiveCfg = Debug|Any CPU
		{F799F70E-0EC6-4F60-8F47-3A2D9F2EE847}.Debug|Any CPU.Build.0 = Debug|Any CPU
		{F799F70E-0EC6-4F60-8F47-3A2D9F2EE847}.Release|Any CPU.ActiveCfg = Release|Any CPU
		{F799F70E-0EC6-4F60-8F47-3A2D9F2EE847}.Release|Any CPU.Build.0 = Release|Any CPU
	EndGlobalSection
	GlobalSection(SolutionProperties) = preSolution
		HideSolutionNode = FALSE
	EndGlobalSection
	GlobalSection(ExtensibilityGlobals) = postSolution
		SolutionGuid = {735AD53E-3A6D-41DB-AAFD-D4B037C70FF9}
	EndGlobalSection
EndGlobal
